// !$*UTF8*$!
{
	archiveVersion = 1;
	classes = {
	};
	objectVersion = 46;
	objects = {

/* Begin PBXBuildFile section */
		7C0D43311DDCB8B2007486E9 /* main.m in Sources */ = {isa = PBXBuildFile; fileRef = 7C0D43301DDCB8B2007486E9 /* main.m */; };
		7C0D43341DDCB8B2007486E9 /* AppDelegate.m in Sources */ = {isa = PBXBuildFile; fileRef = 7C0D43331DDCB8B2007486E9 /* AppDelegate.m */; };
		7C0D43371DDCB8B2007486E9 /* ViewController.m in Sources */ = {isa = PBXBuildFile; fileRef = 7C0D43361DDCB8B2007486E9 /* ViewController.m */; };
		7C0D433A1DDCB8B2007486E9 /* Main.storyboard in Resources */ = {isa = PBXBuildFile; fileRef = 7C0D43381DDCB8B2007486E9 /* Main.storyboard */; };
		7C0D433C1DDCB8B2007486E9 /* Assets.xcassets in Resources */ = {isa = PBXBuildFile; fileRef = 7C0D433B1DDCB8B2007486E9 /* Assets.xcassets */; };
		7C0D433F1DDCB8B2007486E9 /* LaunchScreen.storyboard in Resources */ = {isa = PBXBuildFile; fileRef = 7C0D433D1DDCB8B2007486E9 /* LaunchScreen.storyboard */; };
/* End PBXBuildFile section */

/* Begin PBXFileReference section */
		7C0D432C1DDCB8B2007486E9 /* TweetSearch.app */ = {isa = PBXFileReference; explicitFileType = wrapper.application; includeInIndex = 0; path = TweetSearch.app; sourceTree = BUILT_PRODUCTS_DIR; };
		7C0D43301DDCB8B2007486E9 /* main.m */ = {isa = PBXFileReference; lastKnownFileType = sourcecode.c.objc; path = main.m; sourceTree = "<group>"; };
		7C0D43321DDCB8B2007486E9 /* AppDelegate.h */ = {isa = PBXFileReference; lastKnownFileType = sourcecode.c.h; path = AppDelegate.h; sourceTree = "<group>"; };
		7C0D43331DDCB8B2007486E9 /* AppDelegate.m */ = {isa = PBXFileReference; lastKnownFileType = sourcecode.c.objc; path = AppDelegate.m; sourceTree = "<group>"; };
		7C0D43351DDCB8B2007486E9 /* ViewController.h */ = {isa = PBXFileReference; lastKnownFileType = sourcecode.c.h; path = ViewController.h; sourceTree = "<group>"; };
		7C0D43361DDCB8B2007486E9 /* ViewController.m */ = {isa = PBXFileReference; lastKnownFileType = sourcecode.c.objc; path = ViewController.m; sourceTree = "<group>"; };
		7C0D43391DDCB8B2007486E9 /* Base */ = {isa = PBXFileReference; lastKnownFileType = file.storyboard; name = Base; path = Base.lproj/Main.storyboard; sourceTree = "<group>"; };
		7C0D433B1DDCB8B2007486E9 /* Assets.xcassets */ = {isa = PBXFileReference; lastKnownFileType = folder.assetcatalog; path = Assets.xcassets; sourceTree = "<group>"; };
		7C0D433E1DDCB8B2007486E9 /* Base */ = {isa = PBXFileReference; lastKnownFileType = file.storyboard; name = Base; path = Base.lproj/LaunchScreen.storyboard; sourceTree = "<group>"; };
		7C0D43401DDCB8B2007486E9 /* Info.plist */ = {isa = PBXFileReference; lastKnownFileType = text.plist.xml; path = Info.plist; sourceTree = "<group>"; };
/* End PBXFileReference section */

/* Begin PBXFrameworksBuildPhase section */
		7C0D43291DDCB8B2007486E9 /* Frameworks */ = {
			isa = PBXFrameworksBuildPhase;
			buildActionMask = 2147483647;
			files = (
			);
			runOnlyForDeploymentPostprocessing = 0;
		};
/* End PBXFrameworksBuildPhase section */

/* Begin PBXGroup section */
		7C0D43231DDCB8B2007486E9 = {
			isa = PBXGroup;
			children = (
				7C0D432E1DDCB8B2007486E9 /* TweetSearch */,
				7C0D432D1DDCB8B2007486E9 /* Products */,
			);
			sourceTree = "<group>";
		};
		7C0D432D1DDCB8B2007486E9 /* Products */ = {
			isa = PBXGroup;
			children = (
				7C0D432C1DDCB8B2007486E9 /* TweetSearch.app */,
			);
			name = Products;
			sourceTree = "<group>";
		};
		7C0D432E1DDCB8B2007486E9 /* TweetSearch */ = {
			isa = PBXGroup;
			children = (
				7C0D43321DDCB8B2007486E9 /* AppDelegate.h */,
				7C0D43331DDCB8B2007486E9 /* AppDelegate.m */,
				7C0D43351DDCB8B2007486E9 /* ViewController.h */,
				7C0D43361DDCB8B2007486E9 /* ViewController.m */,
				7C0D43381DDCB8B2007486E9 /* Main.storyboard */,
				7C0D433B1DDCB8B2007486E9 /* Assets.xcassets */,
				7C0D433D1DDCB8B2007486E9 /* LaunchScreen.storyboard */,
				7C0D43401DDCB8B2007486E9 /* Info.plist */,
				7C0D432F1DDCB8B2007486E9 /* Supporting Files */,
			);
			path = TweetSearch;
			sourceTree = "<group>";
		};
		7C0D432F1DDCB8B2007486E9 /* Supporting Files */ = {
			isa = PBXGroup;
			children = (
				7C0D43301DDCB8B2007486E9 /* main.m */,
			);
			name = "Supporting Files";
			sourceTree = "<group>";
		};
/* End PBXGroup section */

/* Begin PBXNativeTarget section */
		7C0D432B1DDCB8B2007486E9 /* TweetSearch */ = {
			isa = PBXNativeTarget;
			buildConfigurationList = 7C0D43431DDCB8B2007486E9 /* Build configuration list for PBXNativeTarget "TweetSearch" */;
			buildPhases = (
				7C0D43281DDCB8B2007486E9 /* Sources */,
				7C0D43291DDCB8B2007486E9 /* Frameworks */,
				7C0D432A1DDCB8B2007486E9 /* Resources */,
			);
			buildRules = (
			);
			dependencies = (
			);
			name = TweetSearch;
			productName = TweetSearch;
			productReference = 7C0D432C1DDCB8B2007486E9 /* TweetSearch.app */;
			productType = "com.apple.product-type.application";
		};
/* End PBXNativeTarget section */

/* Begin PBXProject section */
		7C0D43241DDCB8B2007486E9 /* Project object */ = {
			isa = PBXProject;
			attributes = {
				LastUpgradeCheck = 0810;
				ORGANIZATIONNAME = "Ulaş Sancak";
				TargetAttributes = {
					7C0D432B1DDCB8B2007486E9 = {
						CreatedOnToolsVersion = 8.1;
						DevelopmentTeam = 5F92V2USM4;
						ProvisioningStyle = Automatic;
					};
				};
			};
			buildConfigurationList = 7C0D43271DDCB8B2007486E9 /* Build configuration list for PBXProject "TweetSearch" */;
			compatibilityVersion = "Xcode 3.2";
			developmentRegion = English;
			hasScannedForEncodings = 0;
			knownRegions = (
				en,
				Base,
			);
			mainGroup = 7C0D43231DDCB8B2007486E9;
			productRefGroup = 7C0D432D1DDCB8B2007486E9 /* Products */;
			projectDirPath = "";
			projectRoot = "";
			targets = (
				7C0D432B1DDCB8B2007486E9 /* TweetSearch */,
			);
		};
/* End PBXProject section */

/* Begin PBXResourcesBuildPhase section */
		7C0D432A1DDCB8B2007486E9 /* Resources */ = {
			isa = PBXResourcesBuildPhase;
			buildActionMask = 2147483647;
			files = (
				7C0D433F1DDCB8B2007486E9 /* LaunchScreen.storyboard in Resources */,
				7C0D433C1DDCB8B2007486E9 /* Assets.xcassets in Resources */,
				7C0D433A1DDCB8B2007486E9 /* Main.storyboard in Resources */,
			);
			runOnlyForDeploymentPostprocessing = 0;
		};
/* End PBXResourcesBuildPhase section */

/* Begin PBXSourcesBuildPhase section */
		7C0D43281DDCB8B2007486E9 /* Sources */ = {
			isa = PBXSourcesBuildPhase;
			buildActionMask = 2147483647;
			files = (
				7C0D43371DDCB8B2007486E9 /* ViewController.m in Sources */,
				7C0D43341DDCB8B2007486E9 /* AppDelegate.m in Sources */,
				7C0D43311DDCB8B2007486E9 /* main.m in Sources */,
			);
			runOnlyForDeploymentPostprocessing = 0;
		};
/* End PBXSourcesBuildPhase section */

/* Begin PBXVariantGroup section */
		7C0D43381DDCB8B2007486E9 /* Main.storyboard */ = {
			isa = PBXVariantGroup;
			children = (
				7C0D43391DDCB8B2007486E9 /* Base */,
			);
			name = Main.storyboard;
			sourceTree = "<group>";
		};
		7C0D433D1DDCB8B2007486E9 /* LaunchScreen.storyboard */ = {
			isa = PBXVariantGroup;
			children = (
				7C0D433E1DDCB8B2007486E9 /* Base */,
			);
			name = LaunchScreen.storyboard;
			sourceTree = "<group>";
		};
/* End PBXVariantGroup section */

/* Begin XCBuildConfiguration section */
		7C0D43411DDCB8B2007486E9 /* Debug */ = {
			isa = XCBuildConfiguration;
			buildSettings = {
				ALWAYS_SEARCH_USER_PATHS = NO;
				CLANG_ANALYZER_NONNULL = YES;
				CLANG_CXX_LANGUAGE_STANDARD = "gnu++0x";
				CLANG_CXX_LIBRARY = "libc++";
				CLANG_ENABLE_MODULES = YES;
				CLANG_ENABLE_OBJC_ARC = YES;
				CLANG_WARN_BOOL_CONVERSION = YES;
				CLANG_WARN_CONSTANT_CONVERSION = YES;
				CLANG_WARN_DIRECT_OBJC_ISA_USAGE = YES_ERROR;
				CLANG_WARN_DOCUMENTATION_COMMENTS = YES;
				CLANG_WARN_EMPTY_BODY = YES;
				CLANG_WARN_ENUM_CONVERSION = YES;
				CLANG_WARN_INFINITE_RECURSION = YES;
				CLANG_WARN_INT_CONVERSION = YES;
				CLANG_WARN_OBJC_ROOT_CLASS = YES_ERROR;
				CLANG_WARN_SUSPICIOUS_MOVES = YES;
				CLANG_WARN_UNREACHABLE_CODE = YES;
				CLANG_WARN__DUPLICATE_METHOD_MATCH = YES;
				"CODE_SIGN_IDENTITY[sdk=iphoneos*]" = "iPhone Developer";
				COPY_PHASE_STRIP = NO;
				DEBUG_INFORMATION_FORMAT = dwarf;
				ENABLE_STRICT_OBJC_MSGSEND = YES;
				ENABLE_TESTABILITY = YES;
				GCC_C_LANGUAGE_STANDARD = gnu99;
				GCC_DYNAMIC_NO_PIC = NO;
				GCC_NO_COMMON_BLOCKS = YES;
				GCC_OPTIMIZATION_LEVEL = 0;
				GCC_PREPROCESSOR_DEFINITIONS = (
					"DEBUG=1",
					"$(inherited)",
				);
				GCC_WARN_64_TO_32_BIT_CONVERSION = YES;
				GCC_WARN_ABOUT_RETURN_TYPE = YES_ERROR;
				GCC_WARN_UNDECLARED_SELECTOR = YES;
				GCC_WARN_UNINITIALIZED_AUTOS = YES_AGGRESSIVE;
				GCC_WARN_UNUSED_FUNCTION = YES;
				GCC_WARN_UNUSED_VARIABLE = YES;
				IPHONEOS_DEPLOYMENT_TARGET = 10.1;
				MTL_ENABLE_DEBUG_INFO = YES;
				ONLY_ACTIVE_ARCH = YES;
				SDKROOT = iphoneos;
				TARGETED_DEVICE_FAMILY = "1,2";
			};
			name = Debug;
		};
		7C0D43421DDCB8B2007486E9 /* Release */ = {
			isa = XCBuildConfiguration;
			buildSettings = {
				ALWAYS_SEARCH_USER_PATHS = NO;
				CLANG_ANALYZER_NONNULL = YES;
				CLANG_CXX_LANGUAGE_STANDARD = "gnu++0x";
				CLANG_CXX_LIBRARY = "libc++";
				CLANG_ENABLE_MODULES = YES;
				CLANG_ENABLE_OBJC_ARC = YES;
				CLANG_WARN_BOOL_CONVERSION = YES;
				CLANG_WARN_CONSTANT_CONVERSION = YES;
				CLANG_WARN_DIRECT_OBJC_ISA_USAGE = YES_ERROR;
				CLANG_WARN_DOCUMENTATION_COMMENTS = YES;
				CLANG_WARN_EMPTY_BODY = YES;
				CLANG_WARN_ENUM_CONVERSION = YES;
				CLANG_WARN_INFINITE_RECURSION = YES;
				CLANG_WARN_INT_CONVERSION = YES;
				CLANG_WARN_OBJC_ROOT_CLASS = YES_ERROR;
				CLANG_WARN_SUSPICIOUS_MOVES = YES;
				CLANG_WARN_UNREACHABLE_CODE = YES;
				CLANG_WARN__DUPLICATE_METHOD_MATCH = YES;
				"CODE_SIGN_IDENTITY[sdk=iphoneos*]" = "iPhone Developer";
				COPY_PHASE_STRIP = NO;
				DEBUG_INFORMATION_FORMAT = "dwarf-with-dsym";
				ENABLE_NS_ASSERTIONS = NO;
				ENABLE_STRICT_OBJC_MSGSEND = YES;
				GCC_C_LANGUAGE_STANDARD = gnu99;
				GCC_NO_COMMON_BLOCKS = YES;
				GCC_WARN_64_TO_32_BIT_CONVERSION = YES;
				GCC_WARN_ABOUT_RETURN_TYPE = YES_ERROR;
				GCC_WARN_UNDECLARED_SELECTOR = YES;
				GCC_WARN_UNINITIALIZED_AUTOS = YES_AGGRESSIVE;
				GCC_WARN_UNUSED_FUNCTION = YES;
				GCC_WARN_UNUSED_VARIABLE = YES;
				IPHONEOS_DEPLOYMENT_TARGET = 10.1;
				MTL_ENABLE_DEBUG_INFO = NO;
				SDKROOT = iphoneos;
				TARGETED_DEVICE_FAMILY = "1,2";
				VALIDATE_PRODUCT = YES;
			};
			name = Release;
		};
		7C0D43441DDCB8B2007486E9 /* Debug */ = {
			isa = XCBuildConfiguration;
			buildSettings = {
				ASSETCATALOG_COMPILER_APPICON_NAME = AppIcon;
				DEVELOPMENT_TEAM = 5F92V2USM4;
				INFOPLIST_FILE = TweetSearch/Info.plist;
				LD_RUNPATH_SEARCH_PATHS = "$(inherited) @executable_path/Frameworks";
				PRODUCT_BUNDLE_IDENTIFIER = com.ulassancak.TweetSearch;
				PRODUCT_NAME = "$(TARGET_NAME)";
			};
			name = Debug;
		};
		7C0D43451DDCB8B2007486E9 /* Release */ = {
			isa = XCBuildConfiguration;
			buildSettings = {
				ASSETCATALOG_COMPILER_APPICON_NAME = AppIcon;
				DEVELOPMENT_TEAM = 5F92V2USM4;
				INFOPLIST_FILE = TweetSearch/Info.plist;
				LD_RUNPATH_SEARCH_PATHS = "$(inherited) @executable_path/Frameworks";
				PRODUCT_BUNDLE_IDENTIFIER = com.ulassancak.TweetSearch;
				PRODUCT_NAME = "$(TARGET_NAME)";
			};
			name = Release;
		};
/* End XCBuildConfiguration section */

/* Begin XCConfigurationList section */
		7C0D43271DDCB8B2007486E9 /* Build configuration list for PBXProject "TweetSearch" */ = {
			isa = XCConfigurationList;
			buildConfigurations = (
				7C0D43411DDCB8B2007486E9 /* Debug */,
				7C0D43421DDCB8B2007486E9 /* Release */,
			);
			defaultConfigurationIsVisible = 0;
			defaultConfigurationName = Release;
		};
		7C0D43431DDCB8B2007486E9 /* Build configuration list for PBXNativeTarget "TweetSearch" */ = {
			isa = XCConfigurationList;
			buildConfigurations = (
				7C0D43441DDCB8B2007486E9 /* Debug */,
				7C0D43451DDCB8B2007486E9 /* Release */,
			);
			defaultConfigurationIsVisible = 0;
		};
/* End XCConfigurationList section */
	};
	rootObject = 7C0D43241DDCB8B2007486E9 /* Project object */;
}
