// !$*UTF8*$!
{
	archiveVersion = 1;
	classes = {
	};
	objectVersion = 46;
	objects = {

/* Begin PBXBuildFile section */
		59FE1123B6854C29865F946B /* Pods_TweetSearch.framework in Frameworks */ = {isa = PBXBuildFile; fileRef = 1B9305A6D50F0A0DC1AC35CF /* Pods_TweetSearch.framework */; };
		7C0D43311DDCB8B2007486E9 /* main.m in Sources */ = {isa = PBXBuildFile; fileRef = 7C0D43301DDCB8B2007486E9 /* main.m */; };
		7C0D43341DDCB8B2007486E9 /* AppDelegate.m in Sources */ = {isa = PBXBuildFile; fileRef = 7C0D43331DDCB8B2007486E9 /* AppDelegate.m */; };
		7C0D43371DDCB8B2007486E9 /* ViewController.m in Sources */ = {isa = PBXBuildFile; fileRef = 7C0D43361DDCB8B2007486E9 /* ViewController.m */; };
		7C0D433A1DDCB8B2007486E9 /* Main.storyboard in Resources */ = {isa = PBXBuildFile; fileRef = 7C0D43381DDCB8B2007486E9 /* Main.storyboard */; };
		7C0D433C1DDCB8B2007486E9 /* Assets.xcassets in Resources */ = {isa = PBXBuildFile; fileRef = 7C0D433B1DDCB8B2007486E9 /* Assets.xcassets */; };
		7C0D433F1DDCB8B2007486E9 /* LaunchScreen.storyboard in Resources */ = {isa = PBXBuildFile; fileRef = 7C0D433D1DDCB8B2007486E9 /* LaunchScreen.storyboard */; };
		7C0D43481DDCBA9D007486E9 /* TSConstants.m in Sources */ = {isa = PBXBuildFile; fileRef = 7C0D43471DDCBA9D007486E9 /* TSConstants.m */; };
		7C0D434B1DDCBB14007486E9 /* TSAPIClient.m in Sources */ = {isa = PBXBuildFile; fileRef = 7C0D434A1DDCBB14007486E9 /* TSAPIClient.m */; };
		7C0D434D1DDCBCF1007486E9 /* Podfile in Resources */ = {isa = PBXBuildFile; fileRef = 7C0D434C1DDCBCF1007486E9 /* Podfile */; };
/* End PBXBuildFile section */

/* Begin PBXFileReference section */
		1B9305A6D50F0A0DC1AC35CF /* Pods_TweetSearch.framework */ = {isa = PBXFileReference; explicitFileType = wrapper.framework; includeInIndex = 0; path = Pods_TweetSearch.framework; sourceTree = BUILT_PRODUCTS_DIR; };
		4925964939099CD1B92F8AEC /* Pods-TweetSearch.release.xcconfig */ = {isa = PBXFileReference; includeInIndex = 1; lastKnownFileType = text.xcconfig; name = "Pods-TweetSearch.release.xcconfig"; path = "Pods/Target Support Files/Pods-TweetSearch/Pods-TweetSearch.release.xcconfig"; sourceTree = "<group>"; };
		7C0D432C1DDCB8B2007486E9 /* TweetSearch.app */ = {isa = PBXFileReference; explicitFileType = wrapper.application; includeInIndex = 0; path = TweetSearch.app; sourceTree = BUILT_PRODUCTS_DIR; };
		7C0D43301DDCB8B2007486E9 /* main.m */ = {isa = PBXFileReference; lastKnownFileType = sourcecode.c.objc; path = main.m; sourceTree = "<group>"; };
		7C0D43321DDCB8B2007486E9 /* AppDelegate.h */ = {isa = PBXFileReference; lastKnownFileType = sourcecode.c.h; path = AppDelegate.h; sourceTree = "<group>"; };
		7C0D43331DDCB8B2007486E9 /* AppDelegate.m */ = {isa = PBXFileReference; lastKnownFileType = sourcecode.c.objc; path = AppDelegate.m; sourceTree = "<group>"; };
		7C0D43351DDCB8B2007486E9 /* ViewController.h */ = {isa = PBXFileReference; lastKnownFileType = sourcecode.c.h; path = ViewController.h; sourceTree = "<group>"; };
		7C0D43361DDCB8B2007486E9 /* ViewController.m */ = {isa = PBXFileReference; lastKnownFileType = sourcecode.c.objc; path = ViewController.m; sourceTree = "<group>"; };
		7C0D43391DDCB8B2007486E9 /* Base */ = {isa = PBXFileReference; lastKnownFileType = file.storyboard; name = Base; path = Base.lproj/Main.storyboard; sourceTree = "<group>"; };
		7C0D433B1DDCB8B2007486E9 /* Assets.xcassets */ = {isa = PBXFileReference; lastKnownFileType = folder.assetcatalog; path = Assets.xcassets; sourceTree = "<group>"; };
		7C0D433E1DDCB8B2007486E9 /* Base */ = {isa = PBXFileReference; lastKnownFileType = file.storyboard; name = Base; path = Base.lproj/LaunchScreen.storyboard; sourceTree = "<group>"; };
		7C0D43401DDCB8B2007486E9 /* Info.plist */ = {isa = PBXFileReference; lastKnownFileType = text.plist.xml; path = Info.plist; sourceTree = "<group>"; };
		7C0D43461DDCBA9D007486E9 /* TSConstants.h */ = {isa = PBXFileReference; fileEncoding = 4; lastKnownFileType = sourcecode.c.h; path = TSConstants.h; sourceTree = "<group>"; };
		7C0D43471DDCBA9D007486E9 /* TSConstants.m */ = {isa = PBXFileReference; fileEncoding = 4; lastKnownFileType = sourcecode.c.objc; path = TSConstants.m; sourceTree = "<group>"; };
		7C0D43491DDCBB14007486E9 /* TSAPIClient.h */ = {isa = PBXFileReference; fileEncoding = 4; lastKnownFileType = sourcecode.c.h; path = TSAPIClient.h; sourceTree = "<group>"; };
		7C0D434A1DDCBB14007486E9 /* TSAPIClient.m */ = {isa = PBXFileReference; fileEncoding = 4; lastKnownFileType = sourcecode.c.objc; path = TSAPIClient.m; sourceTree = "<group>"; };
		7C0D434C1DDCBCF1007486E9 /* Podfile */ = {isa = PBXFileReference; fileEncoding = 4; lastKnownFileType = text; path = Podfile; sourceTree = SOURCE_ROOT; };
		7C2B3E671DDCCC96004A205C /* TweetSearch.entitlements */ = {isa = PBXFileReference; lastKnownFileType = text.plist.entitlements; path = TweetSearch.entitlements; sourceTree = "<group>"; };
		9640F82753C6DE33C116F97A /* Pods-TweetSearch.debug.xcconfig */ = {isa = PBXFileReference; includeInIndex = 1; lastKnownFileType = text.xcconfig; name = "Pods-TweetSearch.debug.xcconfig"; path = "Pods/Target Support Files/Pods-TweetSearch/Pods-TweetSearch.debug.xcconfig"; sourceTree = "<group>"; };
/* End PBXFileReference section */

/* Begin PBXFrameworksBuildPhase section */
		7C0D43291DDCB8B2007486E9 /* Frameworks */ = {
			isa = PBXFrameworksBuildPhase;
			buildActionMask = 2147483647;
			files = (
				59FE1123B6854C29865F946B /* Pods_TweetSearch.framework in Frameworks */,
			);
			runOnlyForDeploymentPostprocessing = 0;
		};
/* End PBXFrameworksBuildPhase section */

/* Begin PBXGroup section */
		7C0D43231DDCB8B2007486E9 = {
			isa = PBXGroup;
			children = (
				7C0D432E1DDCB8B2007486E9 /* TweetSearch */,
				7C0D432D1DDCB8B2007486E9 /* Products */,
				9BF2322522EE650695397D01 /* Pods */,
				966B00C208CBEE020B551C44 /* Frameworks */,
			);
			sourceTree = "<group>";
		};
		7C0D432D1DDCB8B2007486E9 /* Products */ = {
			isa = PBXGroup;
			children = (
				7C0D432C1DDCB8B2007486E9 /* TweetSearch.app */,
			);
			name = Products;
			sourceTree = "<group>";
		};
		7C0D432E1DDCB8B2007486E9 /* TweetSearch */ = {
			isa = PBXGroup;
			children = (
				7C2B3E671DDCCC96004A205C /* TweetSearch.entitlements */,
				7C0D43321DDCB8B2007486E9 /* AppDelegate.h */,
				7C0D43331DDCB8B2007486E9 /* AppDelegate.m */,
				7C0D43491DDCBB14007486E9 /* TSAPIClient.h */,
				7C0D434A1DDCBB14007486E9 /* TSAPIClient.m */,
				7C0D43461DDCBA9D007486E9 /* TSConstants.h */,
				7C0D43471DDCBA9D007486E9 /* TSConstants.m */,
				7C0D43351DDCB8B2007486E9 /* ViewController.h */,
				7C0D43361DDCB8B2007486E9 /* ViewController.m */,
				7C0D43381DDCB8B2007486E9 /* Main.storyboard */,
				7C0D433B1DDCB8B2007486E9 /* Assets.xcassets */,
				7C0D433D1DDCB8B2007486E9 /* LaunchScreen.storyboard */,
				7C0D43401DDCB8B2007486E9 /* Info.plist */,
				7C0D432F1DDCB8B2007486E9 /* Supporting Files */,
			);
			path = TweetSearch;
			sourceTree = "<group>";
		};
		7C0D432F1DDCB8B2007486E9 /* Supporting Files */ = {
			isa = PBXGroup;
			children = (
				7C0D434C1DDCBCF1007486E9 /* Podfile */,
				7C0D43301DDCB8B2007486E9 /* main.m */,
			);
			name = "Supporting Files";
			sourceTree = "<group>";
		};
		966B00C208CBEE020B551C44 /* Frameworks */ = {
			isa = PBXGroup;
			children = (
				1B9305A6D50F0A0DC1AC35CF /* Pods_TweetSearch.framework */,
			);
			name = Frameworks;
			sourceTree = "<group>";
		};
		9BF2322522EE650695397D01 /* Pods */ = {
			isa = PBXGroup;
			children = (
				9640F82753C6DE33C116F97A /* Pods-TweetSearch.debug.xcconfig */,
				4925964939099CD1B92F8AEC /* Pods-TweetSearch.release.xcconfig */,
			);
			name = Pods;
			sourceTree = "<group>";
		};
/* End PBXGroup section */

/* Begin PBXNativeTarget section */
		7C0D432B1DDCB8B2007486E9 /* TweetSearch */ = {
			isa = PBXNativeTarget;
			buildConfigurationList = 7C0D43431DDCB8B2007486E9 /* Build configuration list for PBXNativeTarget "TweetSearch" */;
			buildPhases = (
				C64474CBFFAC8FA0626A8D50 /* [CP] Check Pods Manifest.lock */,
				7C0D43281DDCB8B2007486E9 /* Sources */,
				7C0D43291DDCB8B2007486E9 /* Frameworks */,
				7C0D432A1DDCB8B2007486E9 /* Resources */,
				9B699D3BF0036A0DECA60124 /* [CP] Embed Pods Frameworks */,
				0576682460793A8E2A6640EE /* [CP] Copy Pods Resources */,
			);
			buildRules = (
			);
			dependencies = (
			);
			name = TweetSearch;
			productName = TweetSearch;
			productReference = 7C0D432C1DDCB8B2007486E9 /* TweetSearch.app */;
			productType = "com.apple.product-type.application";
		};
/* End PBXNativeTarget section */

/* Begin PBXProject section */
		7C0D43241DDCB8B2007486E9 /* Project object */ = {
			isa = PBXProject;
			attributes = {
				LastUpgradeCheck = 0810;
				ORGANIZATIONNAME = "Ulaş Sancak";
				TargetAttributes = {
					7C0D432B1DDCB8B2007486E9 = {
						CreatedOnToolsVersion = 8.1;
						DevelopmentTeam = 3U82SFTT2K;
						ProvisioningStyle = Manual;
						SystemCapabilities = {
							com.apple.Keychain = {
								enabled = 1;
							};
						};
					};
				};
			};
			buildConfigurationList = 7C0D43271DDCB8B2007486E9 /* Build configuration list for PBXProject "TweetSearch" */;
			compatibilityVersion = "Xcode 3.2";
			developmentRegion = English;
			hasScannedForEncodings = 0;
			knownRegions = (
				en,
				Base,
			);
			mainGroup = 7C0D43231DDCB8B2007486E9;
			productRefGroup = 7C0D432D1DDCB8B2007486E9 /* Products */;
			projectDirPath = "";
			projectRoot = "";
			targets = (
				7C0D432B1DDCB8B2007486E9 /* TweetSearch */,
			);
		};
/* End PBXProject section */

/* Begin PBXResourcesBuildPhase section */
		7C0D432A1DDCB8B2007486E9 /* Resources */ = {
			isa = PBXResourcesBuildPhase;
			buildActionMask = 2147483647;
			files = (
				7C0D433F1DDCB8B2007486E9 /* LaunchScreen.storyboard in Resources */,
				7C0D433C1DDCB8B2007486E9 /* Assets.xcassets in Resources */,
				7C0D434D1DDCBCF1007486E9 /* Podfile in Resources */,
				7C0D433A1DDCB8B2007486E9 /* Main.storyboard in Resources */,
			);
			runOnlyForDeploymentPostprocessing = 0;
		};
/* End PBXResourcesBuildPhase section */

/* Begin PBXShellScriptBuildPhase section */
		0576682460793A8E2A6640EE /* [CP] Copy Pods Resources */ = {
			isa = PBXShellScriptBuildPhase;
			buildActionMask = 2147483647;
			files = (
			);
			inputPaths = (
			);
			name = "[CP] Copy Pods Resources";
			outputPaths = (
			);
			runOnlyForDeploymentPostprocessing = 0;
			shellPath = /bin/sh;
			shellScript = "\"${SRCROOT}/Pods/Target Support Files/Pods-TweetSearch/Pods-TweetSearch-resources.sh\"\n";
			showEnvVarsInLog = 0;
		};
		9B699D3BF0036A0DECA60124 /* [CP] Embed Pods Frameworks */ = {
			isa = PBXShellScriptBuildPhase;
			buildActionMask = 2147483647;
			files = (
			);
			inputPaths = (
			);
			name = "[CP] Embed Pods Frameworks";
			outputPaths = (
			);
			runOnlyForDeploymentPostprocessing = 0;
			shellPath = /bin/sh;
			shellScript = "\"${SRCROOT}/Pods/Target Support Files/Pods-TweetSearch/Pods-TweetSearch-frameworks.sh\"\n";
			showEnvVarsInLog = 0;
		};
		C64474CBFFAC8FA0626A8D50 /* [CP] Check Pods Manifest.lock */ = {
			isa = PBXShellScriptBuildPhase;
			buildActionMask = 2147483647;
			files = (
			);
			inputPaths = (
			);
			name = "[CP] Check Pods Manifest.lock";
			outputPaths = (
			);
			runOnlyForDeploymentPostprocessing = 0;
			shellPath = /bin/sh;
			shellScript = "diff \"${PODS_ROOT}/../Podfile.lock\" \"${PODS_ROOT}/Manifest.lock\" > /dev/null\nif [ $? != 0 ] ; then\n    # print error to STDERR\n    echo \"error: The sandbox is not in sync with the Podfile.lock. Run 'pod install' or update your CocoaPods installation.\" >&2\n    exit 1\nfi\n";
			showEnvVarsInLog = 0;
		};
/* End PBXShellScriptBuildPhase section */

/* Begin PBXSourcesBuildPhase section */
		7C0D43281DDCB8B2007486E9 /* Sources */ = {
			isa = PBXSourcesBuildPhase;
			buildActionMask = 2147483647;
			files = (
				7C0D43481DDCBA9D007486E9 /* TSConstants.m in Sources */,
				7C0D43371DDCB8B2007486E9 /* ViewController.m in Sources */,
				7C0D43341DDCB8B2007486E9 /* AppDelegate.m in Sources */,
				7C0D434B1DDCBB14007486E9 /* TSAPIClient.m in Sources */,
				7C0D43311DDCB8B2007486E9 /* main.m in Sources */,
			);
			runOnlyForDeploymentPostprocessing = 0;
		};
/* End PBXSourcesBuildPhase section */

/* Begin PBXVariantGroup section */
		7C0D43381DDCB8B2007486E9 /* Main.storyboard */ = {
			isa = PBXVariantGroup;
			children = (
				7C0D43391DDCB8B2007486E9 /* Base */,
			);
			name = Main.storyboard;
			sourceTree = "<group>";
		};
		7C0D433D1DDCB8B2007486E9 /* LaunchScreen.storyboard */ = {
			isa = PBXVariantGroup;
			children = (
				7C0D433E1DDCB8B2007486E9 /* Base */,
			);
			name = LaunchScreen.storyboard;
			sourceTree = "<group>";
		};
/* End PBXVariantGroup section */

/* Begin XCBuildConfiguration section */
		7C0D43411DDCB8B2007486E9 /* Debug */ = {
			isa = XCBuildConfiguration;
			buildSettings = {
				ALWAYS_SEARCH_USER_PATHS = NO;
				CLANG_ANALYZER_NONNULL = YES;
				CLANG_CXX_LANGUAGE_STANDARD = "gnu++0x";
				CLANG_CXX_LIBRARY = "libc++";
				CLANG_ENABLE_MODULES = YES;
				CLANG_ENABLE_OBJC_ARC = YES;
				CLANG_WARN_BOOL_CONVERSION = YES;
				CLANG_WARN_CONSTANT_CONVERSION = YES;
				CLANG_WARN_DIRECT_OBJC_ISA_USAGE = YES_ERROR;
				CLANG_WARN_DOCUMENTATION_COMMENTS = YES;
				CLANG_WARN_EMPTY_BODY = YES;
				CLANG_WARN_ENUM_CONVERSION = YES;
				CLANG_WARN_INFINITE_RECURSION = YES;
				CLANG_WARN_INT_CONVERSION = YES;
				CLANG_WARN_OBJC_ROOT_CLASS = YES_ERROR;
				CLANG_WARN_SUSPICIOUS_MOVES = YES;
				CLANG_WARN_UNREACHABLE_CODE = YES;
				CLANG_WARN__DUPLICATE_METHOD_MATCH = YES;
				"CODE_SIGN_IDENTITY[sdk=iphoneos*]" = "iPhone Developer";
				COPY_PHASE_STRIP = NO;
				DEBUG_INFORMATION_FORMAT = dwarf;
				ENABLE_STRICT_OBJC_MSGSEND = YES;
				ENABLE_TESTABILITY = YES;
				GCC_C_LANGUAGE_STANDARD = gnu99;
				GCC_DYNAMIC_NO_PIC = NO;
				GCC_NO_COMMON_BLOCKS = YES;
				GCC_OPTIMIZATION_LEVEL = 0;
				GCC_PREPROCESSOR_DEFINITIONS = (
					"DEBUG=1",
					"$(inherited)",
				);
				GCC_WARN_64_TO_32_BIT_CONVERSION = YES;
				GCC_WARN_ABOUT_RETURN_TYPE = YES_ERROR;
				GCC_WARN_UNDECLARED_SELECTOR = YES;
				GCC_WARN_UNINITIALIZED_AUTOS = YES_AGGRESSIVE;
				GCC_WARN_UNUSED_FUNCTION = YES;
				GCC_WARN_UNUSED_VARIABLE = YES;
				IPHONEOS_DEPLOYMENT_TARGET = 10.1;
				MTL_ENABLE_DEBUG_INFO = YES;
				ONLY_ACTIVE_ARCH = YES;
				SDKROOT = iphoneos;
				TARGETED_DEVICE_FAMILY = "1,2";
			};
			name = Debug;
		};
		7C0D43421DDCB8B2007486E9 /* Release */ = {
			isa = XCBuildConfiguration;
			buildSettings = {
				ALWAYS_SEARCH_USER_PATHS = NO;
				CLANG_ANALYZER_NONNULL = YES;
				CLANG_CXX_LANGUAGE_STANDARD = "gnu++0x";
				CLANG_CXX_LIBRARY = "libc++";
				CLANG_ENABLE_MODULES = YES;
				CLANG_ENABLE_OBJC_ARC = YES;
				CLANG_WARN_BOOL_CONVERSION = YES;
				CLANG_WARN_CONSTANT_CONVERSION = YES;
				CLANG_WARN_DIRECT_OBJC_ISA_USAGE = YES_ERROR;
				CLANG_WARN_DOCUMENTATION_COMMENTS = YES;
				CLANG_WARN_EMPTY_BODY = YES;
				CLANG_WARN_ENUM_CONVERSION = YES;
				CLANG_WARN_INFINITE_RECURSION = YES;
				CLANG_WARN_INT_CONVERSION = YES;
				CLANG_WARN_OBJC_ROOT_CLASS = YES_ERROR;
				CLANG_WARN_SUSPICIOUS_MOVES = YES;
				CLANG_WARN_UNREACHABLE_CODE = YES;
				CLANG_WARN__DUPLICATE_METHOD_MATCH = YES;
				"CODE_SIGN_IDENTITY[sdk=iphoneos*]" = "iPhone Developer";
				COPY_PHASE_STRIP = NO;
				DEBUG_INFORMATION_FORMAT = "dwarf-with-dsym";
				ENABLE_NS_ASSERTIONS = NO;
				ENABLE_STRICT_OBJC_MSGSEND = YES;
				GCC_C_LANGUAGE_STANDARD = gnu99;
				GCC_NO_COMMON_BLOCKS = YES;
				GCC_WARN_64_TO_32_BIT_CONVERSION = YES;
				GCC_WARN_ABOUT_RETURN_TYPE = YES_ERROR;
				GCC_WARN_UNDECLARED_SELECTOR = YES;
				GCC_WARN_UNINITIALIZED_AUTOS = YES_AGGRESSIVE;
				GCC_WARN_UNUSED_FUNCTION = YES;
				GCC_WARN_UNUSED_VARIABLE = YES;
				IPHONEOS_DEPLOYMENT_TARGET = 10.1;
				MTL_ENABLE_DEBUG_INFO = NO;
				SDKROOT = iphoneos;
				TARGETED_DEVICE_FAMILY = "1,2";
				VALIDATE_PRODUCT = YES;
			};
			name = Release;
		};
		7C0D43441DDCB8B2007486E9 /* Debug */ = {
			isa = XCBuildConfiguration;
			baseConfigurationReference = 9640F82753C6DE33C116F97A /* Pods-TweetSearch.debug.xcconfig */;
			buildSettings = {
				ASSETCATALOG_COMPILER_APPICON_NAME = AppIcon;
				CODE_SIGN_ENTITLEMENTS = TweetSearch/TweetSearch.entitlements;
				CODE_SIGN_IDENTITY = "iPhone Developer: Ulas Sancak (Q496T7GWHB)";
				"CODE_SIGN_IDENTITY[sdk=iphoneos*]" = "iPhone Developer: Ulas Sancak (Q496T7GWHB)";
				DEVELOPMENT_TEAM = 3U82SFTT2K;
				INFOPLIST_FILE = TweetSearch/Info.plist;
				LD_RUNPATH_SEARCH_PATHS = "$(inherited) @executable_path/Frameworks";
				PRODUCT_BUNDLE_IDENTIFIER = com.ulassancak.vtweetsearch;
				PRODUCT_NAME = "$(TARGET_NAME)";
				PROVISIONING_PROFILE = "172f0048-23af-4814-9a2b-68a35c2bc476";
				PROVISIONING_PROFILE_SPECIFIER = TweetSearchDev;
			};
			name = Debug;
		};
		7C0D43451DDCB8B2007486E9 /* Release */ = {
			isa = XCBuildConfiguration;
			baseConfigurationReference = 4925964939099CD1B92F8AEC /* Pods-TweetSearch.release.xcconfig */;
			buildSettings = {
				ASSETCATALOG_COMPILER_APPICON_NAME = AppIcon;
				CODE_SIGN_ENTITLEMENTS = TweetSearch/TweetSearch.entitlements;
				DEVELOPMENT_TEAM = "";
				INFOPLIST_FILE = TweetSearch/Info.plist;
				LD_RUNPATH_SEARCH_PATHS = "$(inherited) @executable_path/Frameworks";
				PRODUCT_BUNDLE_IDENTIFIER = com.ulassancak.vtweetsearch;
				PRODUCT_NAME = "$(TARGET_NAME)";
			};
			name = Release;
		};
/* End XCBuildConfiguration section */

/* Begin XCConfigurationList section */
		7C0D43271DDCB8B2007486E9 /* Build configuration list for PBXProject "TweetSearch" */ = {
			isa = XCConfigurationList;
			buildConfigurations = (
				7C0D43411DDCB8B2007486E9 /* Debug */,
				7C0D43421DDCB8B2007486E9 /* Release */,
			);
			defaultConfigurationIsVisible = 0;
			defaultConfigurationName = Release;
		};
		7C0D43431DDCB8B2007486E9 /* Build configuration list for PBXNativeTarget "TweetSearch" */ = {
			isa = XCConfigurationList;
			buildConfigurations = (
				7C0D43441DDCB8B2007486E9 /* Debug */,
				7C0D43451DDCB8B2007486E9 /* Release */,
			);
			defaultConfigurationIsVisible = 0;
			defaultConfigurationName = Release;
		};
/* End XCConfigurationList section */
	};
	rootObject = 7C0D43241DDCB8B2007486E9 /* Project object */;
}
